// !$*UTF8*$!
{
	archiveVersion = 1;
	classes = {
	};
	objectVersion = 51;
	objects = {

/* Begin PBXBuildFile section */
		500DD14F233390C400E05DA5 /* MobileDetailCollectionViewCell.swift in Sources */ = {isa = PBXBuildFile; fileRef = 500DD14E233390C400E05DA5 /* MobileDetailCollectionViewCell.swift */; };
		501C60952330937D00F02430 /* AppDelegate.swift in Sources */ = {isa = PBXBuildFile; fileRef = 501C60942330937D00F02430 /* AppDelegate.swift */; };
		501C609A2330937D00F02430 /* Main.storyboard in Resources */ = {isa = PBXBuildFile; fileRef = 501C60982330937D00F02430 /* Main.storyboard */; };
		501C609C2330937F00F02430 /* Assets.xcassets in Resources */ = {isa = PBXBuildFile; fileRef = 501C609B2330937F00F02430 /* Assets.xcassets */; };
		501C609F2330937F00F02430 /* LaunchScreen.storyboard in Resources */ = {isa = PBXBuildFile; fileRef = 501C609D2330937F00F02430 /* LaunchScreen.storyboard */; };
		501C60B52330937F00F02430 /* MobilePhoneBuyerGuideUITests.swift in Sources */ = {isa = PBXBuildFile; fileRef = 501C60B42330937F00F02430 /* MobilePhoneBuyerGuideUITests.swift */; };
		501C60F1233206F900F02430 /* MobileTableViewCell.swift in Sources */ = {isa = PBXBuildFile; fileRef = 501C60EF233206F900F02430 /* MobileTableViewCell.swift */; };
		501C60F2233206F900F02430 /* MobileTableViewCell.xib in Resources */ = {isa = PBXBuildFile; fileRef = 501C60F0233206F900F02430 /* MobileTableViewCell.xib */; };
		594644D74714DDE755316BC2 /* Pods_MobilePhoneBuyerGuideUITests.framework in Frameworks */ = {isa = PBXBuildFile; fileRef = 31D99223EC0A32D862140876 /* Pods_MobilePhoneBuyerGuideUITests.framework */; };
		5F81B04DC12A86A15E2F6482 /* Pods_MobilePhoneBuyerGuideTests.framework in Frameworks */ = {isa = PBXBuildFile; fileRef = 820DFA0A919F04CF7D5090FE /* Pods_MobilePhoneBuyerGuideTests.framework */; };
		9C38F7C367AD6077565AA1E7 /* Pods_MobilePhoneBuyerGuide.framework in Frameworks */ = {isa = PBXBuildFile; fileRef = E8E5F938259BB7B314182252 /* Pods_MobilePhoneBuyerGuide.framework */; };
		C037C3E9233B3FD7006484FA /* MobileDetailStore.swift in Sources */ = {isa = PBXBuildFile; fileRef = C037C3E2233B3FD7006484FA /* MobileDetailStore.swift */; };
		C037C3EA233B3FD7006484FA /* MobileDetailPresenter.swift in Sources */ = {isa = PBXBuildFile; fileRef = C037C3E3233B3FD7006484FA /* MobileDetailPresenter.swift */; };
		C037C3EB233B3FD7006484FA /* MobileDetailWorker.swift in Sources */ = {isa = PBXBuildFile; fileRef = C037C3E4233B3FD7006484FA /* MobileDetailWorker.swift */; };
		C037C3EC233B3FD7006484FA /* MobileDetailRouter.swift in Sources */ = {isa = PBXBuildFile; fileRef = C037C3E5233B3FD7006484FA /* MobileDetailRouter.swift */; };
		C037C3ED233B3FD7006484FA /* MobileDetailModels.swift in Sources */ = {isa = PBXBuildFile; fileRef = C037C3E6233B3FD7006484FA /* MobileDetailModels.swift */; };
		C037C3EE233B3FD7006484FA /* MobileDetailInteractor.swift in Sources */ = {isa = PBXBuildFile; fileRef = C037C3E7233B3FD7006484FA /* MobileDetailInteractor.swift */; };
		C037C3F4233B4171006484FA /* MobileDetailViewController.swift in Sources */ = {isa = PBXBuildFile; fileRef = C037C3F3233B4171006484FA /* MobileDetailViewController.swift */; };
		C058C8102338CC720057345D /* MobileListStore.swift in Sources */ = {isa = PBXBuildFile; fileRef = C058C8082338CC720057345D /* MobileListStore.swift */; };
		C058C8112338CC720057345D /* MobileListPresenter.swift in Sources */ = {isa = PBXBuildFile; fileRef = C058C8092338CC720057345D /* MobileListPresenter.swift */; };
		C058C8122338CC720057345D /* MobileListWorker.swift in Sources */ = {isa = PBXBuildFile; fileRef = C058C80A2338CC720057345D /* MobileListWorker.swift */; };
		C058C8132338CC720057345D /* MobileListRouter.swift in Sources */ = {isa = PBXBuildFile; fileRef = C058C80B2338CC720057345D /* MobileListRouter.swift */; };
		C058C8142338CC720057345D /* MobileListModels.swift in Sources */ = {isa = PBXBuildFile; fileRef = C058C80C2338CC720057345D /* MobileListModels.swift */; };
		C058C8152338CC720057345D /* MobileListViewController.swift in Sources */ = {isa = PBXBuildFile; fileRef = C058C80D2338CC720057345D /* MobileListViewController.swift */; };
		C058C8162338CC720057345D /* MobileListInteractor.swift in Sources */ = {isa = PBXBuildFile; fileRef = C058C80E2338CC720057345D /* MobileListInteractor.swift */; };
		C058C8172338CC720057345D /* Mobile.swift in Sources */ = {isa = PBXBuildFile; fileRef = C058C80F2338CC720057345D /* Mobile.swift */; };
		C05CC41E241B89E000E0AB76 /* Database.swift in Sources */ = {isa = PBXBuildFile; fileRef = C05CC41D241B89DF00E0AB76 /* Database.swift */; };
		C0CD9430233E10EE00CAD9CB /* MobileListPresenterTests.swift in Sources */ = {isa = PBXBuildFile; fileRef = C0CD942E233E10EE00CAD9CB /* MobileListPresenterTests.swift */; };
		C0CD9431233E10EE00CAD9CB /* MobileListInteractorTests.swift in Sources */ = {isa = PBXBuildFile; fileRef = C0CD942F233E10EE00CAD9CB /* MobileListInteractorTests.swift */; };
		C0CD94342341BB4D00CAD9CB /* MobileDetailInteractorTests.swift in Sources */ = {isa = PBXBuildFile; fileRef = C0CD94322341BB4D00CAD9CB /* MobileDetailInteractorTests.swift */; };
		C0CD94352341BB4D00CAD9CB /* MobileDetailPresenterTests.swift in Sources */ = {isa = PBXBuildFile; fileRef = C0CD94332341BB4D00CAD9CB /* MobileDetailPresenterTests.swift */; };
/* End PBXBuildFile section */

/* Begin PBXContainerItemProxy section */
		501C60A62330937F00F02430 /* PBXContainerItemProxy */ = {
			isa = PBXContainerItemProxy;
			containerPortal = 501C60892330937D00F02430 /* Project object */;
			proxyType = 1;
			remoteGlobalIDString = 501C60902330937D00F02430;
			remoteInfo = MobilePhoneBuyerGuide;
		};
		501C60B12330937F00F02430 /* PBXContainerItemProxy */ = {
			isa = PBXContainerItemProxy;
			containerPortal = 501C60892330937D00F02430 /* Project object */;
			proxyType = 1;
			remoteGlobalIDString = 501C60902330937D00F02430;
			remoteInfo = MobilePhoneBuyerGuide;
		};
/* End PBXContainerItemProxy section */

/* Begin PBXFileReference section */
		14B953CD23A86B10632A7059 /* Pods-MobilePhoneBuyerGuideUITests.debug.xcconfig */ = {isa = PBXFileReference; includeInIndex = 1; lastKnownFileType = text.xcconfig; name = "Pods-MobilePhoneBuyerGuideUITests.debug.xcconfig"; path = "Target Support Files/Pods-MobilePhoneBuyerGuideUITests/Pods-MobilePhoneBuyerGuideUITests.debug.xcconfig"; sourceTree = "<group>"; };
		31D99223EC0A32D862140876 /* Pods_MobilePhoneBuyerGuideUITests.framework */ = {isa = PBXFileReference; explicitFileType = wrapper.framework; includeInIndex = 0; path = Pods_MobilePhoneBuyerGuideUITests.framework; sourceTree = BUILT_PRODUCTS_DIR; };
		500DD14E233390C400E05DA5 /* MobileDetailCollectionViewCell.swift */ = {isa = PBXFileReference; lastKnownFileType = sourcecode.swift; path = MobileDetailCollectionViewCell.swift; sourceTree = "<group>"; };
		501C60912330937D00F02430 /* MobilePhoneBuyerGuide.app */ = {isa = PBXFileReference; explicitFileType = wrapper.application; includeInIndex = 0; path = MobilePhoneBuyerGuide.app; sourceTree = BUILT_PRODUCTS_DIR; };
		501C60942330937D00F02430 /* AppDelegate.swift */ = {isa = PBXFileReference; lastKnownFileType = sourcecode.swift; path = AppDelegate.swift; sourceTree = "<group>"; };
		501C60992330937D00F02430 /* Base */ = {isa = PBXFileReference; lastKnownFileType = file.storyboard; name = Base; path = Base.lproj/Main.storyboard; sourceTree = "<group>"; };
		501C609B2330937F00F02430 /* Assets.xcassets */ = {isa = PBXFileReference; lastKnownFileType = folder.assetcatalog; path = Assets.xcassets; sourceTree = "<group>"; };
		501C609E2330937F00F02430 /* Base */ = {isa = PBXFileReference; lastKnownFileType = file.storyboard; name = Base; path = Base.lproj/LaunchScreen.storyboard; sourceTree = "<group>"; };
		501C60A02330937F00F02430 /* Info.plist */ = {isa = PBXFileReference; lastKnownFileType = text.plist.xml; path = Info.plist; sourceTree = "<group>"; };
		501C60A52330937F00F02430 /* MobilePhoneBuyerGuideTests.xctest */ = {isa = PBXFileReference; explicitFileType = wrapper.cfbundle; includeInIndex = 0; path = MobilePhoneBuyerGuideTests.xctest; sourceTree = BUILT_PRODUCTS_DIR; };
		501C60AB2330937F00F02430 /* Info.plist */ = {isa = PBXFileReference; lastKnownFileType = text.plist.xml; path = Info.plist; sourceTree = "<group>"; };
		501C60B02330937F00F02430 /* MobilePhoneBuyerGuideUITests.xctest */ = {isa = PBXFileReference; explicitFileType = wrapper.cfbundle; includeInIndex = 0; path = MobilePhoneBuyerGuideUITests.xctest; sourceTree = BUILT_PRODUCTS_DIR; };
		501C60B42330937F00F02430 /* MobilePhoneBuyerGuideUITests.swift */ = {isa = PBXFileReference; lastKnownFileType = sourcecode.swift; path = MobilePhoneBuyerGuideUITests.swift; sourceTree = "<group>"; };
		501C60B62330937F00F02430 /* Info.plist */ = {isa = PBXFileReference; lastKnownFileType = text.plist.xml; path = Info.plist; sourceTree = "<group>"; };
		501C60EF233206F900F02430 /* MobileTableViewCell.swift */ = {isa = PBXFileReference; lastKnownFileType = sourcecode.swift; path = MobileTableViewCell.swift; sourceTree = "<group>"; };
		501C60F0233206F900F02430 /* MobileTableViewCell.xib */ = {isa = PBXFileReference; lastKnownFileType = file.xib; path = MobileTableViewCell.xib; sourceTree = "<group>"; };
		5326E8473DB3B4BDEB3F0D79 /* Pods-MobilePhoneBuyerGuideUITests.release.xcconfig */ = {isa = PBXFileReference; includeInIndex = 1; lastKnownFileType = text.xcconfig; name = "Pods-MobilePhoneBuyerGuideUITests.release.xcconfig"; path = "Target Support Files/Pods-MobilePhoneBuyerGuideUITests/Pods-MobilePhoneBuyerGuideUITests.release.xcconfig"; sourceTree = "<group>"; };
		6C768840452B59C39AC2A9C0 /* Pods-MobilePhoneBuyerGuideTests.debug.xcconfig */ = {isa = PBXFileReference; includeInIndex = 1; lastKnownFileType = text.xcconfig; name = "Pods-MobilePhoneBuyerGuideTests.debug.xcconfig"; path = "Target Support Files/Pods-MobilePhoneBuyerGuideTests/Pods-MobilePhoneBuyerGuideTests.debug.xcconfig"; sourceTree = "<group>"; };
		820DFA0A919F04CF7D5090FE /* Pods_MobilePhoneBuyerGuideTests.framework */ = {isa = PBXFileReference; explicitFileType = wrapper.framework; includeInIndex = 0; path = Pods_MobilePhoneBuyerGuideTests.framework; sourceTree = BUILT_PRODUCTS_DIR; };
		C037C3E2233B3FD7006484FA /* MobileDetailStore.swift */ = {isa = PBXFileReference; lastKnownFileType = sourcecode.swift; path = MobileDetailStore.swift; sourceTree = "<group>"; };
		C037C3E3233B3FD7006484FA /* MobileDetailPresenter.swift */ = {isa = PBXFileReference; lastKnownFileType = sourcecode.swift; path = MobileDetailPresenter.swift; sourceTree = "<group>"; };
		C037C3E4233B3FD7006484FA /* MobileDetailWorker.swift */ = {isa = PBXFileReference; lastKnownFileType = sourcecode.swift; path = MobileDetailWorker.swift; sourceTree = "<group>"; };
		C037C3E5233B3FD7006484FA /* MobileDetailRouter.swift */ = {isa = PBXFileReference; lastKnownFileType = sourcecode.swift; path = MobileDetailRouter.swift; sourceTree = "<group>"; };
		C037C3E6233B3FD7006484FA /* MobileDetailModels.swift */ = {isa = PBXFileReference; lastKnownFileType = sourcecode.swift; path = MobileDetailModels.swift; sourceTree = "<group>"; };
		C037C3E7233B3FD7006484FA /* MobileDetailInteractor.swift */ = {isa = PBXFileReference; lastKnownFileType = sourcecode.swift; path = MobileDetailInteractor.swift; sourceTree = "<group>"; };
		C037C3F3233B4171006484FA /* MobileDetailViewController.swift */ = {isa = PBXFileReference; lastKnownFileType = sourcecode.swift; path = MobileDetailViewController.swift; sourceTree = "<group>"; };
		C058C8082338CC720057345D /* MobileListStore.swift */ = {isa = PBXFileReference; lastKnownFileType = sourcecode.swift; path = MobileListStore.swift; sourceTree = "<group>"; };
		C058C8092338CC720057345D /* MobileListPresenter.swift */ = {isa = PBXFileReference; lastKnownFileType = sourcecode.swift; path = MobileListPresenter.swift; sourceTree = "<group>"; };
		C058C80A2338CC720057345D /* MobileListWorker.swift */ = {isa = PBXFileReference; lastKnownFileType = sourcecode.swift; path = MobileListWorker.swift; sourceTree = "<group>"; };
		C058C80B2338CC720057345D /* MobileListRouter.swift */ = {isa = PBXFileReference; lastKnownFileType = sourcecode.swift; path = MobileListRouter.swift; sourceTree = "<group>"; };
		C058C80C2338CC720057345D /* MobileListModels.swift */ = {isa = PBXFileReference; lastKnownFileType = sourcecode.swift; path = MobileListModels.swift; sourceTree = "<group>"; };
		C058C80D2338CC720057345D /* MobileListViewController.swift */ = {isa = PBXFileReference; lastKnownFileType = sourcecode.swift; path = MobileListViewController.swift; sourceTree = "<group>"; };
		C058C80E2338CC720057345D /* MobileListInteractor.swift */ = {isa = PBXFileReference; lastKnownFileType = sourcecode.swift; path = MobileListInteractor.swift; sourceTree = "<group>"; };
		C058C80F2338CC720057345D /* Mobile.swift */ = {isa = PBXFileReference; lastKnownFileType = sourcecode.swift; path = Mobile.swift; sourceTree = "<group>"; };
		C05CC41D241B89DF00E0AB76 /* Database.swift */ = {isa = PBXFileReference; lastKnownFileType = sourcecode.swift; path = Database.swift; sourceTree = "<group>"; };
		C0CD942E233E10EE00CAD9CB /* MobileListPresenterTests.swift */ = {isa = PBXFileReference; fileEncoding = 4; lastKnownFileType = sourcecode.swift; path = MobileListPresenterTests.swift; sourceTree = "<group>"; };
		C0CD942F233E10EE00CAD9CB /* MobileListInteractorTests.swift */ = {isa = PBXFileReference; fileEncoding = 4; lastKnownFileType = sourcecode.swift; path = MobileListInteractorTests.swift; sourceTree = "<group>"; };
		C0CD94322341BB4D00CAD9CB /* MobileDetailInteractorTests.swift */ = {isa = PBXFileReference; lastKnownFileType = sourcecode.swift; path = MobileDetailInteractorTests.swift; sourceTree = "<group>"; };
		C0CD94332341BB4D00CAD9CB /* MobileDetailPresenterTests.swift */ = {isa = PBXFileReference; lastKnownFileType = sourcecode.swift; path = MobileDetailPresenterTests.swift; sourceTree = "<group>"; };
		CE496A973F90EF639583ABAD /* Pods-MobilePhoneBuyerGuide.debug.xcconfig */ = {isa = PBXFileReference; includeInIndex = 1; lastKnownFileType = text.xcconfig; name = "Pods-MobilePhoneBuyerGuide.debug.xcconfig"; path = "Target Support Files/Pods-MobilePhoneBuyerGuide/Pods-MobilePhoneBuyerGuide.debug.xcconfig"; sourceTree = "<group>"; };
		D85BEA95B07AD383745F8181 /* Pods-MobilePhoneBuyerGuide.release.xcconfig */ = {isa = PBXFileReference; includeInIndex = 1; lastKnownFileType = text.xcconfig; name = "Pods-MobilePhoneBuyerGuide.release.xcconfig"; path = "Target Support Files/Pods-MobilePhoneBuyerGuide/Pods-MobilePhoneBuyerGuide.release.xcconfig"; sourceTree = "<group>"; };
		D90943712E0CB3B16A658874 /* Pods-MobilePhoneBuyerGuideTests.release.xcconfig */ = {isa = PBXFileReference; includeInIndex = 1; lastKnownFileType = text.xcconfig; name = "Pods-MobilePhoneBuyerGuideTests.release.xcconfig"; path = "Target Support Files/Pods-MobilePhoneBuyerGuideTests/Pods-MobilePhoneBuyerGuideTests.release.xcconfig"; sourceTree = "<group>"; };
		E8E5F938259BB7B314182252 /* Pods_MobilePhoneBuyerGuide.framework */ = {isa = PBXFileReference; explicitFileType = wrapper.framework; includeInIndex = 0; path = Pods_MobilePhoneBuyerGuide.framework; sourceTree = BUILT_PRODUCTS_DIR; };
/* End PBXFileReference section */

/* Begin PBXFrameworksBuildPhase section */
		501C608E2330937D00F02430 /* Frameworks */ = {
			isa = PBXFrameworksBuildPhase;
			buildActionMask = 2147483647;
			files = (
				9C38F7C367AD6077565AA1E7 /* Pods_MobilePhoneBuyerGuide.framework in Frameworks */,
			);
			runOnlyForDeploymentPostprocessing = 0;
		};
		501C60A22330937F00F02430 /* Frameworks */ = {
			isa = PBXFrameworksBuildPhase;
			buildActionMask = 2147483647;
			files = (
				5F81B04DC12A86A15E2F6482 /* Pods_MobilePhoneBuyerGuideTests.framework in Frameworks */,
			);
			runOnlyForDeploymentPostprocessing = 0;
		};
		501C60AD2330937F00F02430 /* Frameworks */ = {
			isa = PBXFrameworksBuildPhase;
			buildActionMask = 2147483647;
			files = (
				594644D74714DDE755316BC2 /* Pods_MobilePhoneBuyerGuideUITests.framework in Frameworks */,
			);
			runOnlyForDeploymentPostprocessing = 0;
		};
/* End PBXFrameworksBuildPhase section */

/* Begin PBXGroup section */
		501C60882330937D00F02430 = {
			isa = PBXGroup;
			children = (
				501C60932330937D00F02430 /* MobilePhoneBuyerGuide */,
				501C60A82330937F00F02430 /* MobilePhoneBuyerGuideTests */,
				501C60B32330937F00F02430 /* MobilePhoneBuyerGuideUITests */,
				501C60922330937D00F02430 /* Products */,
				AAE4FE549094DE0E3CAC43E7 /* Pods */,
				C7CE3EBDBA0A7CFFE3328308 /* Frameworks */,
			);
			sourceTree = "<group>";
		};
		501C60922330937D00F02430 /* Products */ = {
			isa = PBXGroup;
			children = (
				501C60912330937D00F02430 /* MobilePhoneBuyerGuide.app */,
				501C60A52330937F00F02430 /* MobilePhoneBuyerGuideTests.xctest */,
				501C60B02330937F00F02430 /* MobilePhoneBuyerGuideUITests.xctest */,
			);
			name = Products;
			sourceTree = "<group>";
		};
		501C60932330937D00F02430 /* MobilePhoneBuyerGuide */ = {
			isa = PBXGroup;
			children = (
				C037C3F5233B7686006484FA /* Storyboard */,
				C037C3FB233CC639006484FA /* Scenes */,
				C037C3F1233B3FEB006484FA /* Cell */,
				C037C3F2233B4036006484FA /* Model */,
				501C609B2330937F00F02430 /* Assets.xcassets */,
				501C609D2330937F00F02430 /* LaunchScreen.storyboard */,
				501C60942330937D00F02430 /* AppDelegate.swift */,
				501C60A02330937F00F02430 /* Info.plist */,
			);
			path = MobilePhoneBuyerGuide;
			sourceTree = "<group>";
		};
		501C60A82330937F00F02430 /* MobilePhoneBuyerGuideTests */ = {
			isa = PBXGroup;
			children = (
				C0CD94362341BB5200CAD9CB /* MobileDetail */,
				C0CD942D233E10EE00CAD9CB /* MobileList */,
				501C60AB2330937F00F02430 /* Info.plist */,
			);
			path = MobilePhoneBuyerGuideTests;
			sourceTree = "<group>";
		};
		501C60B32330937F00F02430 /* MobilePhoneBuyerGuideUITests */ = {
			isa = PBXGroup;
			children = (
				501C60B42330937F00F02430 /* MobilePhoneBuyerGuideUITests.swift */,
				501C60B62330937F00F02430 /* Info.plist */,
			);
			path = MobilePhoneBuyerGuideUITests;
			sourceTree = "<group>";
		};
		AAE4FE549094DE0E3CAC43E7 /* Pods */ = {
			isa = PBXGroup;
			children = (
				CE496A973F90EF639583ABAD /* Pods-MobilePhoneBuyerGuide.debug.xcconfig */,
				D85BEA95B07AD383745F8181 /* Pods-MobilePhoneBuyerGuide.release.xcconfig */,
				6C768840452B59C39AC2A9C0 /* Pods-MobilePhoneBuyerGuideTests.debug.xcconfig */,
				D90943712E0CB3B16A658874 /* Pods-MobilePhoneBuyerGuideTests.release.xcconfig */,
				14B953CD23A86B10632A7059 /* Pods-MobilePhoneBuyerGuideUITests.debug.xcconfig */,
				5326E8473DB3B4BDEB3F0D79 /* Pods-MobilePhoneBuyerGuideUITests.release.xcconfig */,
			);
			path = Pods;
			sourceTree = "<group>";
		};
		C037C3F0233B3FDB006484FA /* MobileDetail */ = {
			isa = PBXGroup;
			children = (
				C037C3E2233B3FD7006484FA /* MobileDetailStore.swift */,
				C037C3E3233B3FD7006484FA /* MobileDetailPresenter.swift */,
				C037C3E4233B3FD7006484FA /* MobileDetailWorker.swift */,
				C037C3E5233B3FD7006484FA /* MobileDetailRouter.swift */,
				C037C3E6233B3FD7006484FA /* MobileDetailModels.swift */,
				C037C3F3233B4171006484FA /* MobileDetailViewController.swift */,
				C037C3E7233B3FD7006484FA /* MobileDetailInteractor.swift */,
			);
			path = MobileDetail;
			sourceTree = "<group>";
		};
		C037C3F1233B3FEB006484FA /* Cell */ = {
			isa = PBXGroup;
			children = (
				500DD14E233390C400E05DA5 /* MobileDetailCollectionViewCell.swift */,
				501C60EF233206F900F02430 /* MobileTableViewCell.swift */,
				501C60F0233206F900F02430 /* MobileTableViewCell.xib */,
			);
			path = Cell;
			sourceTree = "<group>";
		};
		C037C3F2233B4036006484FA /* Model */ = {
			isa = PBXGroup;
			children = (
				C058C80F2338CC720057345D /* Mobile.swift */,
				C05CC41D241B89DF00E0AB76 /* Database.swift */,
			);
			path = Model;
			sourceTree = "<group>";
		};
		C037C3F5233B7686006484FA /* Storyboard */ = {
			isa = PBXGroup;
			children = (
				501C60982330937D00F02430 /* Main.storyboard */,
			);
			path = Storyboard;
			sourceTree = "<group>";
		};
		C037C3FB233CC639006484FA /* Scenes */ = {
			isa = PBXGroup;
			children = (
				C037C3F0233B3FDB006484FA /* MobileDetail */,
				C058C8182338CC770057345D /* MobileList */,
			);
			path = Scenes;
			sourceTree = "<group>";
		};
		C058C8182338CC770057345D /* MobileList */ = {
			isa = PBXGroup;
			children = (
				C058C8082338CC720057345D /* MobileListStore.swift */,
				C058C8092338CC720057345D /* MobileListPresenter.swift */,
				C058C80A2338CC720057345D /* MobileListWorker.swift */,
				C058C80B2338CC720057345D /* MobileListRouter.swift */,
				C058C80C2338CC720057345D /* MobileListModels.swift */,
				C058C80D2338CC720057345D /* MobileListViewController.swift */,
				C058C80E2338CC720057345D /* MobileListInteractor.swift */,
			);
			path = MobileList;
			sourceTree = "<group>";
		};
		C0CD942D233E10EE00CAD9CB /* MobileList */ = {
			isa = PBXGroup;
			children = (
				C0CD942E233E10EE00CAD9CB /* MobileListPresenterTests.swift */,
				C0CD942F233E10EE00CAD9CB /* MobileListInteractorTests.swift */,
			);
			path = MobileList;
			sourceTree = "<group>";
		};
		C0CD94362341BB5200CAD9CB /* MobileDetail */ = {
			isa = PBXGroup;
			children = (
				C0CD94332341BB4D00CAD9CB /* MobileDetailPresenterTests.swift */,
				C0CD94322341BB4D00CAD9CB /* MobileDetailInteractorTests.swift */,
			);
			path = MobileDetail;
			sourceTree = "<group>";
		};
		C7CE3EBDBA0A7CFFE3328308 /* Frameworks */ = {
			isa = PBXGroup;
			children = (
				E8E5F938259BB7B314182252 /* Pods_MobilePhoneBuyerGuide.framework */,
				820DFA0A919F04CF7D5090FE /* Pods_MobilePhoneBuyerGuideTests.framework */,
				31D99223EC0A32D862140876 /* Pods_MobilePhoneBuyerGuideUITests.framework */,
			);
			name = Frameworks;
			sourceTree = "<group>";
		};
/* End PBXGroup section */

/* Begin PBXNativeTarget section */
		501C60902330937D00F02430 /* MobilePhoneBuyerGuide */ = {
			isa = PBXNativeTarget;
			buildConfigurationList = 501C60B92330937F00F02430 /* Build configuration list for PBXNativeTarget "MobilePhoneBuyerGuide" */;
			buildPhases = (
				47574C6BFC18A6401D8F799C /* [CP] Check Pods Manifest.lock */,
				501C608D2330937D00F02430 /* Sources */,
				501C608E2330937D00F02430 /* Frameworks */,
				501C608F2330937D00F02430 /* Resources */,
				50B528020BC3FDAB11BE5C4D /* [CP] Embed Pods Frameworks */,
			);
			buildRules = (
			);
			dependencies = (
			);
			name = MobilePhoneBuyerGuide;
			productName = MobilePhoneBuyerGuide;
			productReference = 501C60912330937D00F02430 /* MobilePhoneBuyerGuide.app */;
			productType = "com.apple.product-type.application";
		};
		501C60A42330937F00F02430 /* MobilePhoneBuyerGuideTests */ = {
			isa = PBXNativeTarget;
			buildConfigurationList = 501C60BC2330937F00F02430 /* Build configuration list for PBXNativeTarget "MobilePhoneBuyerGuideTests" */;
			buildPhases = (
				BC23AE3F595DA91F780C2491 /* [CP] Check Pods Manifest.lock */,
				501C60A12330937F00F02430 /* Sources */,
				501C60A22330937F00F02430 /* Frameworks */,
				501C60A32330937F00F02430 /* Resources */,
				4186A9DB95B503C22A67363F /* [CP] Embed Pods Frameworks */,
			);
			buildRules = (
			);
			dependencies = (
				501C60A72330937F00F02430 /* PBXTargetDependency */,
			);
			name = MobilePhoneBuyerGuideTests;
			productName = MobilePhoneBuyerGuideTests;
			productReference = 501C60A52330937F00F02430 /* MobilePhoneBuyerGuideTests.xctest */;
			productType = "com.apple.product-type.bundle.unit-test";
		};
		501C60AF2330937F00F02430 /* MobilePhoneBuyerGuideUITests */ = {
			isa = PBXNativeTarget;
			buildConfigurationList = 501C60BF2330937F00F02430 /* Build configuration list for PBXNativeTarget "MobilePhoneBuyerGuideUITests" */;
			buildPhases = (
				B18DC518E7AECC39858C8F47 /* [CP] Check Pods Manifest.lock */,
				501C60AC2330937F00F02430 /* Sources */,
				501C60AD2330937F00F02430 /* Frameworks */,
				501C60AE2330937F00F02430 /* Resources */,
			);
			buildRules = (
			);
			dependencies = (
				501C60B22330937F00F02430 /* PBXTargetDependency */,
			);
			name = MobilePhoneBuyerGuideUITests;
			productName = MobilePhoneBuyerGuideUITests;
			productReference = 501C60B02330937F00F02430 /* MobilePhoneBuyerGuideUITests.xctest */;
			productType = "com.apple.product-type.bundle.ui-testing";
		};
/* End PBXNativeTarget section */

/* Begin PBXProject section */
		501C60892330937D00F02430 /* Project object */ = {
			isa = PBXProject;
			attributes = {
				LastSwiftUpdateCheck = 1030;
				LastUpgradeCheck = 1030;
				ORGANIZATIONNAME = SparePcland;
				TargetAttributes = {
					501C60902330937D00F02430 = {
						CreatedOnToolsVersion = 10.3;
					};
					501C60A42330937F00F02430 = {
						CreatedOnToolsVersion = 10.3;
						TestTargetID = 501C60902330937D00F02430;
					};
					501C60AF2330937F00F02430 = {
						CreatedOnToolsVersion = 10.3;
						TestTargetID = 501C60902330937D00F02430;
					};
				};
			};
			buildConfigurationList = 501C608C2330937D00F02430 /* Build configuration list for PBXProject "MobilePhoneBuyerGuide" */;
			compatibilityVersion = "Xcode 9.3";
			developmentRegion = en;
			hasScannedForEncodings = 0;
			knownRegions = (
				en,
				Base,
			);
			mainGroup = 501C60882330937D00F02430;
			productRefGroup = 501C60922330937D00F02430 /* Products */;
			projectDirPath = "";
			projectRoot = "";
			targets = (
				501C60902330937D00F02430 /* MobilePhoneBuyerGuide */,
				501C60A42330937F00F02430 /* MobilePhoneBuyerGuideTests */,
				501C60AF2330937F00F02430 /* MobilePhoneBuyerGuideUITests */,
			);
		};
/* End PBXProject section */

/* Begin PBXResourcesBuildPhase section */
		501C608F2330937D00F02430 /* Resources */ = {
			isa = PBXResourcesBuildPhase;
			buildActionMask = 2147483647;
			files = (
				501C609F2330937F00F02430 /* LaunchScreen.storyboard in Resources */,
				501C60F2233206F900F02430 /* MobileTableViewCell.xib in Resources */,
				501C609C2330937F00F02430 /* Assets.xcassets in Resources */,
				501C609A2330937D00F02430 /* Main.storyboard in Resources */,
			);
			runOnlyForDeploymentPostprocessing = 0;
		};
		501C60A32330937F00F02430 /* Resources */ = {
			isa = PBXResourcesBuildPhase;
			buildActionMask = 2147483647;
			files = (
			);
			runOnlyForDeploymentPostprocessing = 0;
		};
		501C60AE2330937F00F02430 /* Resources */ = {
			isa = PBXResourcesBuildPhase;
			buildActionMask = 2147483647;
			files = (
			);
			runOnlyForDeploymentPostprocessing = 0;
		};
/* End PBXResourcesBuildPhase section */

/* Begin PBXShellScriptBuildPhase section */
		4186A9DB95B503C22A67363F /* [CP] Embed Pods Frameworks */ = {
			isa = PBXShellScriptBuildPhase;
			buildActionMask = 2147483647;
			files = (
			);
			inputFileListPaths = (
				"${PODS_ROOT}/Target Support Files/Pods-MobilePhoneBuyerGuideTests/Pods-MobilePhoneBuyerGuideTests-frameworks-${CONFIGURATION}-input-files.xcfilelist",
			);
			name = "[CP] Embed Pods Frameworks";
			outputFileListPaths = (
				"${PODS_ROOT}/Target Support Files/Pods-MobilePhoneBuyerGuideTests/Pods-MobilePhoneBuyerGuideTests-frameworks-${CONFIGURATION}-output-files.xcfilelist",
			);
			runOnlyForDeploymentPostprocessing = 0;
			shellPath = /bin/sh;
			shellScript = "\"${PODS_ROOT}/Target Support Files/Pods-MobilePhoneBuyerGuideTests/Pods-MobilePhoneBuyerGuideTests-frameworks.sh\"\n";
			showEnvVarsInLog = 0;
		};
		47574C6BFC18A6401D8F799C /* [CP] Check Pods Manifest.lock */ = {
			isa = PBXShellScriptBuildPhase;
			buildActionMask = 2147483647;
			files = (
			);
			inputFileListPaths = (
			);
			inputPaths = (
				"${PODS_PODFILE_DIR_PATH}/Podfile.lock",
				"${PODS_ROOT}/Manifest.lock",
			);
			name = "[CP] Check Pods Manifest.lock";
			outputFileListPaths = (
			);
			outputPaths = (
				"$(DERIVED_FILE_DIR)/Pods-MobilePhoneBuyerGuide-checkManifestLockResult.txt",
			);
			runOnlyForDeploymentPostprocessing = 0;
			shellPath = /bin/sh;
			shellScript = "diff \"${PODS_PODFILE_DIR_PATH}/Podfile.lock\" \"${PODS_ROOT}/Manifest.lock\" > /dev/null\nif [ $? != 0 ] ; then\n    # print error to STDERR\n    echo \"error: The sandbox is not in sync with the Podfile.lock. Run 'pod install' or update your CocoaPods installation.\" >&2\n    exit 1\nfi\n# This output is used by Xcode 'outputs' to avoid re-running this script phase.\necho \"SUCCESS\" > \"${SCRIPT_OUTPUT_FILE_0}\"\n";
			showEnvVarsInLog = 0;
		};
		50B528020BC3FDAB11BE5C4D /* [CP] Embed Pods Frameworks */ = {
			isa = PBXShellScriptBuildPhase;
			buildActionMask = 2147483647;
			files = (
			);
			inputFileListPaths = (
				"${PODS_ROOT}/Target Support Files/Pods-MobilePhoneBuyerGuide/Pods-MobilePhoneBuyerGuide-frameworks-${CONFIGURATION}-input-files.xcfilelist",
			);
			name = "[CP] Embed Pods Frameworks";
			outputFileListPaths = (
				"${PODS_ROOT}/Target Support Files/Pods-MobilePhoneBuyerGuide/Pods-MobilePhoneBuyerGuide-frameworks-${CONFIGURATION}-output-files.xcfilelist",
			);
			runOnlyForDeploymentPostprocessing = 0;
			shellPath = /bin/sh;
			shellScript = "\"${PODS_ROOT}/Target Support Files/Pods-MobilePhoneBuyerGuide/Pods-MobilePhoneBuyerGuide-frameworks.sh\"\n";
			showEnvVarsInLog = 0;
		};
		B18DC518E7AECC39858C8F47 /* [CP] Check Pods Manifest.lock */ = {
			isa = PBXShellScriptBuildPhase;
			buildActionMask = 2147483647;
			files = (
			);
			inputFileListPaths = (
			);
			inputPaths = (
				"${PODS_PODFILE_DIR_PATH}/Podfile.lock",
				"${PODS_ROOT}/Manifest.lock",
			);
			name = "[CP] Check Pods Manifest.lock";
			outputFileListPaths = (
			);
			outputPaths = (
				"$(DERIVED_FILE_DIR)/Pods-MobilePhoneBuyerGuideUITests-checkManifestLockResult.txt",
			);
			runOnlyForDeploymentPostprocessing = 0;
			shellPath = /bin/sh;
			shellScript = "diff \"${PODS_PODFILE_DIR_PATH}/Podfile.lock\" \"${PODS_ROOT}/Manifest.lock\" > /dev/null\nif [ $? != 0 ] ; then\n    # print error to STDERR\n    echo \"error: The sandbox is not in sync with the Podfile.lock. Run 'pod install' or update your CocoaPods installation.\" >&2\n    exit 1\nfi\n# This output is used by Xcode 'outputs' to avoid re-running this script phase.\necho \"SUCCESS\" > \"${SCRIPT_OUTPUT_FILE_0}\"\n";
			showEnvVarsInLog = 0;
		};
		BC23AE3F595DA91F780C2491 /* [CP] Check Pods Manifest.lock */ = {
			isa = PBXShellScriptBuildPhase;
			buildActionMask = 2147483647;
			files = (
			);
			inputFileListPaths = (
			);
			inputPaths = (
				"${PODS_PODFILE_DIR_PATH}/Podfile.lock",
				"${PODS_ROOT}/Manifest.lock",
			);
			name = "[CP] Check Pods Manifest.lock";
			outputFileListPaths = (
			);
			outputPaths = (
				"$(DERIVED_FILE_DIR)/Pods-MobilePhoneBuyerGuideTests-checkManifestLockResult.txt",
			);
			runOnlyForDeploymentPostprocessing = 0;
			shellPath = /bin/sh;
			shellScript = "diff \"${PODS_PODFILE_DIR_PATH}/Podfile.lock\" \"${PODS_ROOT}/Manifest.lock\" > /dev/null\nif [ $? != 0 ] ; then\n    # print error to STDERR\n    echo \"error: The sandbox is not in sync with the Podfile.lock. Run 'pod install' or update your CocoaPods installation.\" >&2\n    exit 1\nfi\n# This output is used by Xcode 'outputs' to avoid re-running this script phase.\necho \"SUCCESS\" > \"${SCRIPT_OUTPUT_FILE_0}\"\n";
			showEnvVarsInLog = 0;
		};
/* End PBXShellScriptBuildPhase section */

/* Begin PBXSourcesBuildPhase section */
		501C608D2330937D00F02430 /* Sources */ = {
			isa = PBXSourcesBuildPhase;
			buildActionMask = 2147483647;
			files = (
				C058C8162338CC720057345D /* MobileListInteractor.swift in Sources */,
				500DD14F233390C400E05DA5 /* MobileDetailCollectionViewCell.swift in Sources */,
				C058C8132338CC720057345D /* MobileListRouter.swift in Sources */,
				C058C8102338CC720057345D /* MobileListStore.swift in Sources */,
				C058C8152338CC720057345D /* MobileListViewController.swift in Sources */,
				C037C3EA233B3FD7006484FA /* MobileDetailPresenter.swift in Sources */,
				C037C3EB233B3FD7006484FA /* MobileDetailWorker.swift in Sources */,
				501C60F1233206F900F02430 /* MobileTableViewCell.swift in Sources */,
				C058C8112338CC720057345D /* MobileListPresenter.swift in Sources */,
				C037C3F4233B4171006484FA /* MobileDetailViewController.swift in Sources */,
				C058C8122338CC720057345D /* MobileListWorker.swift in Sources */,
				C058C8172338CC720057345D /* Mobile.swift in Sources */,
				C037C3E9233B3FD7006484FA /* MobileDetailStore.swift in Sources */,
				C037C3EE233B3FD7006484FA /* MobileDetailInteractor.swift in Sources */,
				C058C8142338CC720057345D /* MobileListModels.swift in Sources */,
				501C60952330937D00F02430 /* AppDelegate.swift in Sources */,
				C037C3ED233B3FD7006484FA /* MobileDetailModels.swift in Sources */,
				C05CC41E241B89E000E0AB76 /* Database.swift in Sources */,
				C037C3EC233B3FD7006484FA /* MobileDetailRouter.swift in Sources */,
			);
			runOnlyForDeploymentPostprocessing = 0;
		};
		501C60A12330937F00F02430 /* Sources */ = {
			isa = PBXSourcesBuildPhase;
			buildActionMask = 2147483647;
			files = (
				C0CD94342341BB4D00CAD9CB /* MobileDetailInteractorTests.swift in Sources */,
				C0CD9431233E10EE00CAD9CB /* MobileListInteractorTests.swift in Sources */,
				C0CD94352341BB4D00CAD9CB /* MobileDetailPresenterTests.swift in Sources */,
				C0CD9430233E10EE00CAD9CB /* MobileListPresenterTests.swift in Sources */,
			);
			runOnlyForDeploymentPostprocessing = 0;
		};
		501C60AC2330937F00F02430 /* Sources */ = {
			isa = PBXSourcesBuildPhase;
			buildActionMask = 2147483647;
			files = (
				501C60B52330937F00F02430 /* MobilePhoneBuyerGuideUITests.swift in Sources */,
			);
			runOnlyForDeploymentPostprocessing = 0;
		};
/* End PBXSourcesBuildPhase section */

/* Begin PBXTargetDependency section */
		501C60A72330937F00F02430 /* PBXTargetDependency */ = {
			isa = PBXTargetDependency;
			target = 501C60902330937D00F02430 /* MobilePhoneBuyerGuide */;
			targetProxy = 501C60A62330937F00F02430 /* PBXContainerItemProxy */;
		};
		501C60B22330937F00F02430 /* PBXTargetDependency */ = {
			isa = PBXTargetDependency;
			target = 501C60902330937D00F02430 /* MobilePhoneBuyerGuide */;
			targetProxy = 501C60B12330937F00F02430 /* PBXContainerItemProxy */;
		};
/* End PBXTargetDependency section */

/* Begin PBXVariantGroup section */
		501C60982330937D00F02430 /* Main.storyboard */ = {
			isa = PBXVariantGroup;
			children = (
				501C60992330937D00F02430 /* Base */,
			);
			name = Main.storyboard;
			sourceTree = "<group>";
		};
		501C609D2330937F00F02430 /* LaunchScreen.storyboard */ = {
			isa = PBXVariantGroup;
			children = (
				501C609E2330937F00F02430 /* Base */,
			);
			name = LaunchScreen.storyboard;
			sourceTree = "<group>";
		};
/* End PBXVariantGroup section */

/* Begin XCBuildConfiguration section */
		501C60B72330937F00F02430 /* Debug */ = {
			isa = XCBuildConfiguration;
			buildSettings = {
				ALWAYS_SEARCH_USER_PATHS = NO;
				CLANG_ANALYZER_NONNULL = YES;
				CLANG_ANALYZER_NUMBER_OBJECT_CONVERSION = YES_AGGRESSIVE;
				CLANG_CXX_LANGUAGE_STANDARD = "gnu++14";
				CLANG_CXX_LIBRARY = "libc++";
				CLANG_ENABLE_MODULES = YES;
				CLANG_ENABLE_OBJC_ARC = YES;
				CLANG_ENABLE_OBJC_WEAK = YES;
				CLANG_WARN_BLOCK_CAPTURE_AUTORELEASING = YES;
				CLANG_WARN_BOOL_CONVERSION = YES;
				CLANG_WARN_COMMA = YES;
				CLANG_WARN_CONSTANT_CONVERSION = YES;
				CLANG_WARN_DEPRECATED_OBJC_IMPLEMENTATIONS = YES;
				CLANG_WARN_DIRECT_OBJC_ISA_USAGE = YES_ERROR;
				CLANG_WARN_DOCUMENTATION_COMMENTS = YES;
				CLANG_WARN_EMPTY_BODY = YES;
				CLANG_WARN_ENUM_CONVERSION = YES;
				CLANG_WARN_INFINITE_RECURSION = YES;
				CLANG_WARN_INT_CONVERSION = YES;
				CLANG_WARN_NON_LITERAL_NULL_CONVERSION = YES;
				CLANG_WARN_OBJC_IMPLICIT_RETAIN_SELF = YES;
				CLANG_WARN_OBJC_LITERAL_CONVERSION = YES;
				CLANG_WARN_OBJC_ROOT_CLASS = YES_ERROR;
				CLANG_WARN_RANGE_LOOP_ANALYSIS = YES;
				CLANG_WARN_STRICT_PROTOTYPES = YES;
				CLANG_WARN_SUSPICIOUS_MOVE = YES;
				CLANG_WARN_UNGUARDED_AVAILABILITY = YES_AGGRESSIVE;
				CLANG_WARN_UNREACHABLE_CODE = YES;
				CLANG_WARN__DUPLICATE_METHOD_MATCH = YES;
				CODE_SIGN_IDENTITY = "iPhone Developer";
				COPY_PHASE_STRIP = NO;
				DEBUG_INFORMATION_FORMAT = dwarf;
				ENABLE_STRICT_OBJC_MSGSEND = YES;
				ENABLE_TESTABILITY = YES;
				GCC_C_LANGUAGE_STANDARD = gnu11;
				GCC_DYNAMIC_NO_PIC = NO;
				GCC_NO_COMMON_BLOCKS = YES;
				GCC_OPTIMIZATION_LEVEL = 0;
				GCC_PREPROCESSOR_DEFINITIONS = (
					"DEBUG=1",
					"$(inherited)",
				);
				GCC_WARN_64_TO_32_BIT_CONVERSION = YES;
				GCC_WARN_ABOUT_RETURN_TYPE = YES_ERROR;
				GCC_WARN_UNDECLARED_SELECTOR = YES;
				GCC_WARN_UNINITIALIZED_AUTOS = YES_AGGRESSIVE;
				GCC_WARN_UNUSED_FUNCTION = YES;
				GCC_WARN_UNUSED_VARIABLE = YES;
				IPHONEOS_DEPLOYMENT_TARGET = 12.4;
				MTL_ENABLE_DEBUG_INFO = INCLUDE_SOURCE;
				MTL_FAST_MATH = YES;
				ONLY_ACTIVE_ARCH = YES;
				SDKROOT = iphoneos;
				SWIFT_ACTIVE_COMPILATION_CONDITIONS = DEBUG;
				SWIFT_OPTIMIZATION_LEVEL = "-Onone";
			};
			name = Debug;
		};
		501C60B82330937F00F02430 /* Release */ = {
			isa = XCBuildConfiguration;
			buildSettings = {
				ALWAYS_SEARCH_USER_PATHS = NO;
				CLANG_ANALYZER_NONNULL = YES;
				CLANG_ANALYZER_NUMBER_OBJECT_CONVERSION = YES_AGGRESSIVE;
				CLANG_CXX_LANGUAGE_STANDARD = "gnu++14";
				CLANG_CXX_LIBRARY = "libc++";
				CLANG_ENABLE_MODULES = YES;
				CLANG_ENABLE_OBJC_ARC = YES;
				CLANG_ENABLE_OBJC_WEAK = YES;
				CLANG_WARN_BLOCK_CAPTURE_AUTORELEASING = YES;
				CLANG_WARN_BOOL_CONVERSION = YES;
				CLANG_WARN_COMMA = YES;
				CLANG_WARN_CONSTANT_CONVERSION = YES;
				CLANG_WARN_DEPRECATED_OBJC_IMPLEMENTATIONS = YES;
				CLANG_WARN_DIRECT_OBJC_ISA_USAGE = YES_ERROR;
				CLANG_WARN_DOCUMENTATION_COMMENTS = YES;
				CLANG_WARN_EMPTY_BODY = YES;
				CLANG_WARN_ENUM_CONVERSION = YES;
				CLANG_WARN_INFINITE_RECURSION = YES;
				CLANG_WARN_INT_CONVERSION = YES;
				CLANG_WARN_NON_LITERAL_NULL_CONVERSION = YES;
				CLANG_WARN_OBJC_IMPLICIT_RETAIN_SELF = YES;
				CLANG_WARN_OBJC_LITERAL_CONVERSION = YES;
				CLANG_WARN_OBJC_ROOT_CLASS = YES_ERROR;
				CLANG_WARN_RANGE_LOOP_ANALYSIS = YES;
				CLANG_WARN_STRICT_PROTOTYPES = YES;
				CLANG_WARN_SUSPICIOUS_MOVE = YES;
				CLANG_WARN_UNGUARDED_AVAILABILITY = YES_AGGRESSIVE;
				CLANG_WARN_UNREACHABLE_CODE = YES;
				CLANG_WARN__DUPLICATE_METHOD_MATCH = YES;
				CODE_SIGN_IDENTITY = "iPhone Developer";
				COPY_PHASE_STRIP = NO;
				DEBUG_INFORMATION_FORMAT = "dwarf-with-dsym";
				ENABLE_NS_ASSERTIONS = NO;
				ENABLE_STRICT_OBJC_MSGSEND = YES;
				GCC_C_LANGUAGE_STANDARD = gnu11;
				GCC_NO_COMMON_BLOCKS = YES;
				GCC_WARN_64_TO_32_BIT_CONVERSION = YES;
				GCC_WARN_ABOUT_RETURN_TYPE = YES_ERROR;
				GCC_WARN_UNDECLARED_SELECTOR = YES;
				GCC_WARN_UNINITIALIZED_AUTOS = YES_AGGRESSIVE;
				GCC_WARN_UNUSED_FUNCTION = YES;
				GCC_WARN_UNUSED_VARIABLE = YES;
				IPHONEOS_DEPLOYMENT_TARGET = 12.4;
				MTL_ENABLE_DEBUG_INFO = NO;
				MTL_FAST_MATH = YES;
				SDKROOT = iphoneos;
				SWIFT_COMPILATION_MODE = wholemodule;
				SWIFT_OPTIMIZATION_LEVEL = "-O";
				VALIDATE_PRODUCT = YES;
			};
			name = Release;
		};
		501C60BA2330937F00F02430 /* Debug */ = {
			isa = XCBuildConfiguration;
			baseConfigurationReference = CE496A973F90EF639583ABAD /* Pods-MobilePhoneBuyerGuide.debug.xcconfig */;
			buildSettings = {
				ASSETCATALOG_COMPILER_APPICON_NAME = AppIcon;
				CODE_SIGN_STYLE = Automatic;
				INFOPLIST_FILE = MobilePhoneBuyerGuide/Info.plist;
				LD_RUNPATH_SEARCH_PATHS = (
					"$(inherited)",
					"@executable_path/Frameworks",
				);
				PRODUCT_BUNDLE_IDENTIFIER = com.scb.MobilePhoneBuyerGuide;
				PRODUCT_NAME = "$(TARGET_NAME)";
				SWIFT_VERSION = 5.0;
				TARGETED_DEVICE_FAMILY = "1,2";
			};
			name = Debug;
		};
		501C60BB2330937F00F02430 /* Release */ = {
			isa = XCBuildConfiguration;
			baseConfigurationReference = D85BEA95B07AD383745F8181 /* Pods-MobilePhoneBuyerGuide.release.xcconfig */;
			buildSettings = {
				ASSETCATALOG_COMPILER_APPICON_NAME = AppIcon;
				CODE_SIGN_STYLE = Automatic;
				INFOPLIST_FILE = MobilePhoneBuyerGuide/Info.plist;
				LD_RUNPATH_SEARCH_PATHS = (
					"$(inherited)",
					"@executable_path/Frameworks",
				);
				PRODUCT_BUNDLE_IDENTIFIER = com.scb.MobilePhoneBuyerGuide;
				PRODUCT_NAME = "$(TARGET_NAME)";
				SWIFT_VERSION = 5.0;
				TARGETED_DEVICE_FAMILY = "1,2";
			};
			name = Release;
		};
		501C60BD2330937F00F02430 /* Debug */ = {
			isa = XCBuildConfiguration;
			baseConfigurationReference = 6C768840452B59C39AC2A9C0 /* Pods-MobilePhoneBuyerGuideTests.debug.xcconfig */;
			buildSettings = {
				ALWAYS_EMBED_SWIFT_STANDARD_LIBRARIES = YES;
				BUNDLE_LOADER = "$(TEST_HOST)";
				CODE_SIGN_STYLE = Automatic;
				INFOPLIST_FILE = MobilePhoneBuyerGuideTests/Info.plist;
				LD_RUNPATH_SEARCH_PATHS = (
					"$(inherited)",
					"@executable_path/Frameworks",
					"@loader_path/Frameworks",
				);
				PRODUCT_BUNDLE_IDENTIFIER = com.scb.MobilePhoneBuyerGuideTests;
				PRODUCT_NAME = "$(TARGET_NAME)";
				SWIFT_VERSION = 5.0;
				TARGETED_DEVICE_FAMILY = "1,2";
				TEST_HOST = "$(BUILT_PRODUCTS_DIR)/MobilePhoneBuyerGuide.app/MobilePhoneBuyerGuide";
			};
			name = Debug;
		};
		501C60BE2330937F00F02430 /* Release */ = {
			isa = XCBuildConfiguration;
			baseConfigurationReference = D90943712E0CB3B16A658874 /* Pods-MobilePhoneBuyerGuideTests.release.xcconfig */;
			buildSettings = {
				ALWAYS_EMBED_SWIFT_STANDARD_LIBRARIES = YES;
				BUNDLE_LOADER = "$(TEST_HOST)";
				CODE_SIGN_STYLE = Automatic;
				INFOPLIST_FILE = MobilePhoneBuyerGuideTests/Info.plist;
				LD_RUNPATH_SEARCH_PATHS = (
					"$(inherited)",
					"@executable_path/Frameworks",
					"@loader_path/Frameworks",
				);
				PRODUCT_BUNDLE_IDENTIFIER = com.scb.MobilePhoneBuyerGuideTests;
				PRODUCT_NAME = "$(TARGET_NAME)";
				SWIFT_VERSION = 5.0;
				TARGETED_DEVICE_FAMILY = "1,2";
				TEST_HOST = "$(BUILT_PRODUCTS_DIR)/MobilePhoneBuyerGuide.app/MobilePhoneBuyerGuide";
			};
			name = Release;
		};
		501C60C02330937F00F02430 /* Debug */ = {
			isa = XCBuildConfiguration;
			baseConfigurationReference = 14B953CD23A86B10632A7059 /* Pods-MobilePhoneBuyerGuideUITests.debug.xcconfig */;
			buildSettings = {
				ALWAYS_EMBED_SWIFT_STANDARD_LIBRARIES = YES;
				CODE_SIGN_STYLE = Automatic;
				INFOPLIST_FILE = MobilePhoneBuyerGuideUITests/Info.plist;
				LD_RUNPATH_SEARCH_PATHS = (
					"$(inherited)",
					"@executable_path/Frameworks",
					"@loader_path/Frameworks",
				);
				PRODUCT_BUNDLE_IDENTIFIER = com.scb.MobilePhoneBuyerGuideUITests;
				PRODUCT_NAME = "$(TARGET_NAME)";
				SWIFT_VERSION = 5.0;
				TARGETED_DEVICE_FAMILY = "1,2";
				TEST_TARGET_NAME = MobilePhoneBuyerGuide;
			};
			name = Debug;
		};
		501C60C12330937F00F02430 /* Release */ = {
			isa = XCBuildConfiguration;
			baseConfigurationReference = 5326E8473DB3B4BDEB3F0D79 /* Pods-MobilePhoneBuyerGuideUITests.release.xcconfig */;
			buildSettings = {
				ALWAYS_EMBED_SWIFT_STANDARD_LIBRARIES = YES;
				CODE_SIGN_STYLE = Automatic;
				INFOPLIST_FILE = MobilePhoneBuyerGuideUITests/Info.plist;
				LD_RUNPATH_SEARCH_PATHS = (
					"$(inherited)",
					"@executable_path/Frameworks",
					"@loader_path/Frameworks",
				);
				PRODUCT_BUNDLE_IDENTIFIER = com.scb.MobilePhoneBuyerGuideUITests;
				PRODUCT_NAME = "$(TARGET_NAME)";
				SWIFT_VERSION = 5.0;
				TARGETED_DEVICE_FAMILY = "1,2";
				TEST_TARGET_NAME = MobilePhoneBuyerGuide;
			};
			name = Release;
		};
/* End XCBuildConfiguration section */

/* Begin XCConfigurationList section */
		501C608C2330937D00F02430 /* Build configuration list for PBXProject "MobilePhoneBuyerGuide" */ = {
			isa = XCConfigurationList;
			buildConfigurations = (
				501C60B72330937F00F02430 /* Debug */,
				501C60B82330937F00F02430 /* Release */,
			);
			defaultConfigurationIsVisible = 0;
			defaultConfigurationName = Release;
		};
		501C60B92330937F00F02430 /* Build configuration list for PBXNativeTarget "MobilePhoneBuyerGuide" */ = {
			isa = XCConfigurationList;
			buildConfigurations = (
				501C60BA2330937F00F02430 /* Debug */,
				501C60BB2330937F00F02430 /* Release */,
			);
			defaultConfigurationIsVisible = 0;
			defaultConfigurationName = Release;
		};
		501C60BC2330937F00F02430 /* Build configuration list for PBXNativeTarget "MobilePhoneBuyerGuideTests" */ = {
			isa = XCConfigurationList;
			buildConfigurations = (
				501C60BD2330937F00F02430 /* Debug */,
				501C60BE2330937F00F02430 /* Release */,
			);
			defaultConfigurationIsVisible = 0;
			defaultConfigurationName = Release;
		};
		501C60BF2330937F00F02430 /* Build configuration list for PBXNativeTarget "MobilePhoneBuyerGuideUITests" */ = {
			isa = XCConfigurationList;
			buildConfigurations = (
				501C60C02330937F00F02430 /* Debug */,
				501C60C12330937F00F02430 /* Release */,
			);
			defaultConfigurationIsVisible = 0;
			defaultConfigurationName = Release;
		};
/* End XCConfigurationList section */
	};
	rootObject = 501C60892330937D00F02430 /* Project object */;
}
