PODS:
  - Kingfisher (5.7.1)
  - Realm (4.3.2):
    - Realm/Headers (= 4.3.2)
  - Realm/Headers (4.3.2)
  - RealmSwift (4.3.2):
    - Realm (= 4.3.2)

DEPENDENCIES:
  - Kingfisher (~> 5.0)
  - RealmSwift

SPEC REPOS:
  https://github.com/CocoaPods/Specs.git:
    - Kingfisher
  trunk:
    - Realm
    - RealmSwift

SPEC CHECKSUMS:
  Kingfisher: 176d377ad339113c99ad4980cbae687f807e20fe
  Realm: 5e92902e2875dff4bb0fd02f67bb737c3d5db2bc
  RealmSwift: 9a360fc7bae04fc2e308a34fbd899d5faa2d6b22

PODFILE CHECKSUM: b544ae02db833d0a2e0466544a2389921bc182a3

COCOAPODS: 1.8.4
